
Microsoft Visual Studio Solution File, Format Version 12.00
# Visual Studio Version 17
VisualStudioVersion = 17.9.34728.123
MinimumVisualStudioVersion = 10.0.40219.1
Project("{FAE04EC0-301F-11D3-BF4B-00C04F79EFBC}") = "Projekat_A", "Projekat_A\Projekat_A.csproj", "{0686AAB1-576D-45BE-8E41-1C4910490223}"
EndProject
Global
	GlobalSection(SolutionConfigurationPlatforms) = preSolution
		Debug|Any CPU = Debug|Any CPU
		Release|Any CPU = Release|Any CPU
	EndGlobalSection
	GlobalSection(ProjectConfigurationPlatforms) = postSolution
		{0686AAB1-576D-45BE-8E41-1C4910490223}.Debug|Any CPU.ActiveCfg = Debug|Any CPU
		{0686AAB1-576D-45BE-8E41-1C4910490223}.Debug|Any CPU.Build.0 = Debug|Any CPU
		{0686AAB1-576D-45BE-8E41-1C4910490223}.Release|Any CPU.ActiveCfg = Release|Any CPU
		{0686AAB1-576D-45BE-8E41-1C4910490223}.Release|Any CPU.Build.0 = Release|Any CPU
	EndGlobalSection
	GlobalSection(SolutionProperties) = preSolution
		HideSolutionNode = FALSE
	EndGlobalSection
	GlobalSection(ExtensibilityGlobals) = postSolution
		SolutionGuid = {08735778-B857-4750-B93E-23195ED44BA2}
	EndGlobalSection
EndGlobal
